
Microsoft Visual Studio Solution File, Format Version 12.00
# Visual Studio Version 17
VisualStudioVersion = 17.7.34221.43
MinimumVisualStudioVersion = 10.0.40219.1
Project("{FAE04EC0-301F-11D3-BF4B-00C04F79EFBC}") = "CoolMate", "CoolMate.csproj", "{C997F080-97E9-475A-95B7-162102ADBB16}"
EndProject
Global
	GlobalSection(SolutionConfigurationPlatforms) = preSolution
		Debug|Any CPU = Debug|Any CPU
		Release|Any CPU = Release|Any CPU
	EndGlobalSection
	GlobalSection(ProjectConfigurationPlatforms) = postSolution
		{C997F080-97E9-475A-95B7-162102ADBB16}.Debug|Any CPU.ActiveCfg = Debug|Any CPU
		{C997F080-97E9-475A-95B7-162102ADBB16}.Debug|Any CPU.Build.0 = Debug|Any CPU
		{C997F080-97E9-475A-95B7-162102ADBB16}.Release|Any CPU.ActiveCfg = Release|Any CPU
		{C997F080-97E9-475A-95B7-162102ADBB16}.Release|Any CPU.Build.0 = Release|Any CPU
	EndGlobalSection
	GlobalSection(SolutionProperties) = preSolution
		HideSolutionNode = FALSE
	EndGlobalSection
	GlobalSection(ExtensibilityGlobals) = postSolution
		SolutionGuid = {86C289E8-E17F-43F7-AE7C-B944C8194CC6}
	EndGlobalSection
EndGlobal
